{
 "profile_host": "[settings]\narch=x86_64\narch_build=x86_64\nbuild_type=Release\ncompiler=apple-clang\ncompiler.libcxx=libc++\ncompiler.version=11.0\nos=Macos\nos_build=Macos\n[options]\n[build_requires]\n[env]\n",
 "graph_lock": {
  "nodes": {
   "0": {
    "pref": null,
    "options": "nlohmann_json:multiple_headers=False",
    "requires": {
     "nlohmann_json/3.7.3#0": "1"
    },
    "path": "/Users/lhtin/Projects/EaC2/conanfile.txt"
   },
   "1": {
    "pref": "nlohmann_json/3.7.3#0:5ab84d6acfe1f23c4fae0ab88f26e3a396351ac9#0",
    "options": "multiple_headers=False"
   }
  }
 },
 "version": "0.2"
}